# Host-side Dapper build toolchain verified from official releases and the
# Docker registry on 2026-08-16. Keep these values synchronized with CI,
# source SBOM metadata, README.md, SECURITY.md, and the source gate.
HOST_BUILDX_VERSION=v0.36.1
HOST_BUILDX_COMMIT=1d8dde89b8aba914e05e45366770736fea1fd690
HOST_BUILDKIT_VERSION=v0.32.2
HOST_BUILDKIT_IMAGE=moby/buildkit:v0.32.2@sha256:28a898719c18a33f4e8000685287fa36fd0dd9560c6440227d3a732d79bb41d8
SETUP_BUILDX_ACTION_VERSION=v4.2.0
SETUP_BUILDX_ACTION_COMMIT=bb05f3f5519dd87d3ba754cc423b652a5edd6d2c
